
Microsoft Visual Studio Solution File, Format Version 12.00
# Visual Studio Version 17
VisualStudioVersion = 17.5.2.0
MinimumVisualStudioVersion = 10.0.40219.1
Project("{2150E333-8FDC-42A3-9474-1A3956D46DE8}") = "Solution", "Solution", "{284B0C48-6525-F3F5-CD5D-7841BD44174A}"
EndProject
Project("{FAE04EC0-301F-11D3-BF4B-00C04F79EFBC}") = "Problem_Plecakowy", "Solution\Problem_Plecakowy.csproj", "{514BA48B-5C68-4FFF-BF45-8D435C922D1A}"
EndProject
Project("{FAE04EC0-301F-11D3-BF4B-00C04F79EFBC}") = "testy", "testy\testy.csproj", "{D49A7081-5602-4FB2-9975-86BB6DA9A7B3}"
EndProject
Global
	GlobalSection(SolutionConfigurationPlatforms) = preSolution
		Debug|Any CPU = Debug|Any CPU
		Debug|x64 = Debug|x64
		Debug|x86 = Debug|x86
		Release|Any CPU = Release|Any CPU
		Release|x64 = Release|x64
		Release|x86 = Release|x86
	EndGlobalSection
	GlobalSection(ProjectConfigurationPlatforms) = postSolution
		{514BA48B-5C68-4FFF-BF45-8D435C922D1A}.Debug|Any CPU.ActiveCfg = Debug|Any CPU
		{514BA48B-5C68-4FFF-BF45-8D435C922D1A}.Debug|Any CPU.Build.0 = Debug|Any CPU
		{514BA48B-5C68-4FFF-BF45-8D435C922D1A}.Debug|x64.ActiveCfg = Debug|Any CPU
		{514BA48B-5C68-4FFF-BF45-8D435C922D1A}.Debug|x64.Build.0 = Debug|Any CPU
		{514BA48B-5C68-4FFF-BF45-8D435C922D1A}.Debug|x86.ActiveCfg = Debug|Any CPU
		{514BA48B-5C68-4FFF-BF45-8D435C922D1A}.Debug|x86.Build.0 = Debug|Any CPU
		{514BA48B-5C68-4FFF-BF45-8D435C922D1A}.Release|Any CPU.ActiveCfg = Release|Any CPU
		{514BA48B-5C68-4FFF-BF45-8D435C922D1A}.Release|Any CPU.Build.0 = Release|Any CPU
		{514BA48B-5C68-4FFF-BF45-8D435C922D1A}.Release|x64.ActiveCfg = Release|Any CPU
		{514BA48B-5C68-4FFF-BF45-8D435C922D1A}.Release|x64.Build.0 = Release|Any CPU
		{514BA48B-5C68-4FFF-BF45-8D435C922D1A}.Release|x86.ActiveCfg = Release|Any CPU
		{514BA48B-5C68-4FFF-BF45-8D435C922D1A}.Release|x86.Build.0 = Release|Any CPU
		{D49A7081-5602-4FB2-9975-86BB6DA9A7B3}.Debug|Any CPU.ActiveCfg = Debug|Any CPU
		{D49A7081-5602-4FB2-9975-86BB6DA9A7B3}.Debug|Any CPU.Build.0 = Debug|Any CPU
		{D49A7081-5602-4FB2-9975-86BB6DA9A7B3}.Debug|x64.ActiveCfg = Debug|Any CPU
		{D49A7081-5602-4FB2-9975-86BB6DA9A7B3}.Debug|x64.Build.0 = Debug|Any CPU
		{D49A7081-5602-4FB2-9975-86BB6DA9A7B3}.Debug|x86.ActiveCfg = Debug|Any CPU
		{D49A7081-5602-4FB2-9975-86BB6DA9A7B3}.Debug|x86.Build.0 = Debug|Any CPU
		{D49A7081-5602-4FB2-9975-86BB6DA9A7B3}.Release|Any CPU.ActiveCfg = Release|Any CPU
		{D49A7081-5602-4FB2-9975-86BB6DA9A7B3}.Release|Any CPU.Build.0 = Release|Any CPU
		{D49A7081-5602-4FB2-9975-86BB6DA9A7B3}.Release|x64.ActiveCfg = Release|Any CPU
		{D49A7081-5602-4FB2-9975-86BB6DA9A7B3}.Release|x64.Build.0 = Release|Any CPU
		{D49A7081-5602-4FB2-9975-86BB6DA9A7B3}.Release|x86.ActiveCfg = Release|Any CPU
		{D49A7081-5602-4FB2-9975-86BB6DA9A7B3}.Release|x86.Build.0 = Release|Any CPU
	EndGlobalSection
	GlobalSection(SolutionProperties) = preSolution
		HideSolutionNode = FALSE
	EndGlobalSection
	GlobalSection(NestedProjects) = preSolution
		{514BA48B-5C68-4FFF-BF45-8D435C922D1A} = {284B0C48-6525-F3F5-CD5D-7841BD44174A}
	EndGlobalSection
	GlobalSection(ExtensibilityGlobals) = postSolution
		SolutionGuid = {029D3FDF-A9E5-4064-B604-B95B409146C5}
	EndGlobalSection
EndGlobal
